
Microsoft Visual Studio Solution File, Format Version 12.00
# Visual Studio 14
VisualStudioVersion = 14.0.24720.0
MinimumVisualStudioVersion = 10.0.40219.1
Project("{FAE04EC0-301F-11D3-BF4B-00C04F79EFBC}") = "MyClasses", "MyClasses\MyClasses.csproj", "{E0D3C49C-0DD1-4BF4-B81D-3C43201E2C16}"
EndProject
Project("{FAE04EC0-301F-11D3-BF4B-00C04F79EFBC}") = "ThingABobGenerator", "ThingABobGenerator\ThingABobGenerator.csproj", "{39F4AA3F-70F6-45A1-8651-A95462B82CF3}"
EndProject
Project("{FAE04EC0-301F-11D3-BF4B-00C04F79EFBC}") = "MyClassesTest", "MyClassesTest\MyClassesTest.csproj", "{EC7CCFA4-7DCC-4472-A9D1-1FFF84ABFDF4}"
EndProject
Global
	GlobalSection(SolutionConfigurationPlatforms) = preSolution
		Debug|Any CPU = Debug|Any CPU
		Release|Any CPU = Release|Any CPU
	EndGlobalSection
	GlobalSection(ProjectConfigurationPlatforms) = postSolution
		{E0D3C49C-0DD1-4BF4-B81D-3C43201E2C16}.Debug|Any CPU.ActiveCfg = Debug|Any CPU
		{E0D3C49C-0DD1-4BF4-B81D-3C43201E2C16}.Debug|Any CPU.Build.0 = Debug|Any CPU
		{E0D3C49C-0DD1-4BF4-B81D-3C43201E2C16}.Release|Any CPU.ActiveCfg = Release|Any CPU
		{E0D3C49C-0DD1-4BF4-B81D-3C43201E2C16}.Release|Any CPU.Build.0 = Release|Any CPU
		{39F4AA3F-70F6-45A1-8651-A95462B82CF3}.Debug|Any CPU.ActiveCfg = Debug|Any CPU
		{39F4AA3F-70F6-45A1-8651-A95462B82CF3}.Debug|Any CPU.Build.0 = Debug|Any CPU
		{39F4AA3F-70F6-45A1-8651-A95462B82CF3}.Release|Any CPU.ActiveCfg = Release|Any CPU
		{39F4AA3F-70F6-45A1-8651-A95462B82CF3}.Release|Any CPU.Build.0 = Release|Any CPU
		{EC7CCFA4-7DCC-4472-A9D1-1FFF84ABFDF4}.Debug|Any CPU.ActiveCfg = Debug|Any CPU
		{EC7CCFA4-7DCC-4472-A9D1-1FFF84ABFDF4}.Debug|Any CPU.Build.0 = Debug|Any CPU
		{EC7CCFA4-7DCC-4472-A9D1-1FFF84ABFDF4}.Release|Any CPU.ActiveCfg = Release|Any CPU
		{EC7CCFA4-7DCC-4472-A9D1-1FFF84ABFDF4}.Release|Any CPU.Build.0 = Release|Any CPU
	EndGlobalSection
	GlobalSection(SolutionProperties) = preSolution
		HideSolutionNode = FALSE
	EndGlobalSection
EndGlobal
