
Microsoft Visual Studio Solution File, Format Version 12.00
# Visual Studio 14
VisualStudioVersion = 14.0.24720.0
MinimumVisualStudioVersion = 10.0.40219.1
Project("{FAE04EC0-301F-11D3-BF4B-00C04F79EFBC}") = "Amortization", "Amortization\Amortization.csproj", "{64F40363-20DA-4540-A429-2506F3F05447}"
EndProject
Project("{FAE04EC0-301F-11D3-BF4B-00C04F79EFBC}") = "AppLayer", "AppLayer\AppLayer.csproj", "{4D76C18E-4274-4FD0-BBCB-B21D5FEC06E0}"
EndProject
Project("{FAE04EC0-301F-11D3-BF4B-00C04F79EFBC}") = "AppLayerTesting", "AppLayerTesting\AppLayerTesting.csproj", "{9D387698-CAA0-47ED-A335-CD8CEA1E0CF8}"
EndProject
Global
	GlobalSection(SolutionConfigurationPlatforms) = preSolution
		Debug|Any CPU = Debug|Any CPU
		Release|Any CPU = Release|Any CPU
	EndGlobalSection
	GlobalSection(ProjectConfigurationPlatforms) = postSolution
		{64F40363-20DA-4540-A429-2506F3F05447}.Debug|Any CPU.ActiveCfg = Debug|Any CPU
		{64F40363-20DA-4540-A429-2506F3F05447}.Debug|Any CPU.Build.0 = Debug|Any CPU
		{64F40363-20DA-4540-A429-2506F3F05447}.Release|Any CPU.ActiveCfg = Release|Any CPU
		{64F40363-20DA-4540-A429-2506F3F05447}.Release|Any CPU.Build.0 = Release|Any CPU
		{4D76C18E-4274-4FD0-BBCB-B21D5FEC06E0}.Debug|Any CPU.ActiveCfg = Debug|Any CPU
		{4D76C18E-4274-4FD0-BBCB-B21D5FEC06E0}.Debug|Any CPU.Build.0 = Debug|Any CPU
		{4D76C18E-4274-4FD0-BBCB-B21D5FEC06E0}.Release|Any CPU.ActiveCfg = Release|Any CPU
		{4D76C18E-4274-4FD0-BBCB-B21D5FEC06E0}.Release|Any CPU.Build.0 = Release|Any CPU
		{9D387698-CAA0-47ED-A335-CD8CEA1E0CF8}.Debug|Any CPU.ActiveCfg = Debug|Any CPU
		{9D387698-CAA0-47ED-A335-CD8CEA1E0CF8}.Debug|Any CPU.Build.0 = Debug|Any CPU
		{9D387698-CAA0-47ED-A335-CD8CEA1E0CF8}.Release|Any CPU.ActiveCfg = Release|Any CPU
		{9D387698-CAA0-47ED-A335-CD8CEA1E0CF8}.Release|Any CPU.Build.0 = Release|Any CPU
	EndGlobalSection
	GlobalSection(SolutionProperties) = preSolution
		HideSolutionNode = FALSE
	EndGlobalSection
EndGlobal
